{
	"name": "loco-core",
	"version": "1.0.0",
	"lockfileVersion": 1,
	"requires": true,
	"dependencies": {
		"vue-class-component": {
			"version": "8.0.0-rc.1",
			"resolved": "https://npm.corp.kuaishou.com/vue-class-component/-/vue-class-component-8.0.0-rc.1.tgz",
			"integrity": "sha1-22ks2XZW65oIIGwD0Lc5jNsdlCA="
		}
	}
}
