{
  "name": "@loco/editor",
  "version": "0.1.0",
  "lockfileVersion": 1,
  "requires": true,
  "dependencies": {
    "@babel/helper-validator-identifier": {
      "version": "7.14.9",
      "resolved": "https://npm.corp.kuaishou.com/@babel%2fhelper-validator-identifier/-/helper-validator-identifier-7.14.9.tgz",
      "integrity": "sha1-ZlTRcbICT22O4VG/JQlpmRkTHUg="
    },
    "@babel/parser": {
      "version": "7.15.5",
      "resolved": "https://npm.corp.kuaishou.com/@babel%2fparser/-/parser-7.15.5.tgz",
      "integrity": "sha1-0zpYymn6zAWyat/kq+v+1WwcLaw="
    },
    "@babel/types": {
      "version": "7.15.4",
      "resolved": "https://npm.corp.kuaishou.com/@babel%2ftypes/-/types-7.15.4.tgz",
      "integrity": "sha1-dO64bb1nSNJ0E5ZVe5hg5X/OCg0=",
      "requires": {
        "@babel/helper-validator-identifier": "^7.14.9",
        "to-fast-properties": "^2.0.0"
      }
    },
    "@element-plus/icons": {
      "version": "0.0.11",
      "resolved": "https://npm.corp.kuaishou.com/@element-plus%2ficons/-/icons-0.0.11.tgz",
      "integrity": "sha1-mxh8ACd0VIuRGFDRf6X8L5pRX1c="
    },
    "@popperjs/core": {
      "version": "2.10.1",
      "resolved": "https://npm.corp.kuaishou.com/@popperjs%2fcore/-/core-2.10.1.tgz",
      "integrity": "sha1-co7NlasgequKmk5CHwQi2zKSMr4="
    },
    "@vue/compiler-core": {
      "version": "3.2.9",
      "resolved": "https://npm.corp.kuaishou.com/@vue%2fcompiler-core/-/compiler-core-3.2.9.tgz",
      "integrity": "sha1-h00E0+TemPOmB2nbf6R+BBv8pJA=",
      "requires": {
        "@babel/parser": "^7.15.0",
        "@babel/types": "^7.15.0",
        "@vue/shared": "3.2.9",
        "estree-walker": "^2.0.2",
        "source-map": "^0.6.1"
      }
    },
    "@vue/compiler-dom": {
      "version": "3.2.9",
      "resolved": "https://npm.corp.kuaishou.com/@vue%2fcompiler-dom/-/compiler-dom-3.2.9.tgz",
      "integrity": "sha1-5CsrwoU2YiShc49+1mSNQmDLu+8=",
      "requires": {
        "@vue/compiler-core": "3.2.9",
        "@vue/shared": "3.2.9"
      }
    },
    "@vue/devtools-api": {
      "version": "6.0.0-beta.15",
      "resolved": "https://npm.corp.kuaishou.com/@vue%2fdevtools-api/-/devtools-api-6.0.0-beta.15.tgz",
      "integrity": "sha1-rXyzhOBi8WW8+cg3MhJb/7wq2D0="
    },
    "@vue/reactivity": {
      "version": "3.2.9",
      "resolved": "https://npm.corp.kuaishou.com/@vue%2freactivity/-/reactivity-3.2.9.tgz",
      "integrity": "sha1-9OxhUZ9HeSJNmKI6wHtIHZVofK4=",
      "requires": {
        "@vue/shared": "3.2.9"
      }
    },
    "@vue/runtime-core": {
      "version": "3.2.9",
      "resolved": "https://npm.corp.kuaishou.com/@vue%2fruntime-core/-/runtime-core-3.2.9.tgz",
      "integrity": "sha1-MoVMnZhTqiB1/Oz8ditfAzprrh4=",
      "requires": {
        "@vue/reactivity": "3.2.9",
        "@vue/shared": "3.2.9"
      }
    },
    "@vue/runtime-dom": {
      "version": "3.2.9",
      "resolved": "https://npm.corp.kuaishou.com/@vue%2fruntime-dom/-/runtime-dom-3.2.9.tgz",
      "integrity": "sha1-OXVyoULbJ3L7S38KK8BrVIbl24E=",
      "requires": {
        "@vue/runtime-core": "3.2.9",
        "@vue/shared": "3.2.9",
        "csstype": "^2.6.8"
      }
    },
    "@vue/shared": {
      "version": "3.2.9",
      "resolved": "https://npm.corp.kuaishou.com/@vue%2fshared/-/shared-3.2.9.tgz",
      "integrity": "sha1-RORNvYKBmZfxkvt9vbkK9XFdv1I="
    },
    "async-validator": {
      "version": "3.5.2",
      "resolved": "https://npm.corp.kuaishou.com/async-validator/-/async-validator-3.5.2.tgz",
      "integrity": "sha1-aOhmqWgk6LJpT/eoMcGiXETV5QA="
    },
    "core-js": {
      "version": "3.17.2",
      "resolved": "https://npm.corp.kuaishou.com/core-js/-/core-js-3.17.2.tgz",
      "integrity": "sha1-+WDq5xDcYsKcypPVMy42YOKJ2xA="
    },
    "csstype": {
      "version": "2.6.17",
      "resolved": "https://npm.corp.kuaishou.com/csstype/-/csstype-2.6.17.tgz",
      "integrity": "sha1-TPMOuH4dGgBdi2UQ+VKSQT9qHA4="
    },
    "dayjs": {
      "version": "1.10.6",
      "resolved": "https://npm.corp.kuaishou.com/dayjs/-/dayjs-1.10.6.tgz",
      "integrity": "sha1-KIsqqC8thBimydTfWJjAc3rQKmM="
    },
    "element-plus": {
      "version": "1.1.0-beta.9",
      "resolved": "https://npm.corp.kuaishou.com/element-plus/-/element-plus-1.1.0-beta.9.tgz",
      "integrity": "sha1-4ZPMlW38m3Me1csy4t8O3a/ZXc0=",
      "requires": {
        "@element-plus/icons": "^0.0.11",
        "@popperjs/core": "^2.10.1",
        "async-validator": "^3.4.0",
        "dayjs": "1.x",
        "lodash": "^4.17.21",
        "mitt": "^2.1.0",
        "normalize-wheel": "^1.0.1",
        "resize-observer-polyfill": "^1.5.1"
      }
    },
    "estree-walker": {
      "version": "2.0.2",
      "resolved": "https://npm.corp.kuaishou.com/estree-walker/-/estree-walker-2.0.2.tgz",
      "integrity": "sha1-UvAQF4wqTBF6d1fP6UKtt9LaTKw="
    },
    "hotkeys-js": {
      "version": "3.8.7",
      "resolved": "https://npm.corp.kuaishou.com/hotkeys-js/-/hotkeys-js-3.8.7.tgz",
      "integrity": "sha1-wWyrl4tT1yQvhgyjky6Xa5I5mYE="
    },
    "lodash": {
      "version": "4.17.21",
      "resolved": "https://npm.corp.kuaishou.com/lodash/-/lodash-4.17.21.tgz",
      "integrity": "sha1-Z5WRxWTDv/quhFTPCz3zcMPWkRw="
    },
    "mitt": {
      "version": "2.1.0",
      "resolved": "https://npm.corp.kuaishou.com/mitt/-/mitt-2.1.0.tgz",
      "integrity": "sha1-90BXfCMXbGIFsSGylzUU6t4bIjA="
    },
    "modern-normalize": {
      "version": "1.1.0",
      "resolved": "https://npm.corp.kuaishou.com/modern-normalize/-/modern-normalize-1.1.0.tgz",
      "integrity": "sha1-2o6AFA2SIUJr1PclxuESg9NPkLc="
    },
    "normalize-wheel": {
      "version": "1.0.1",
      "resolved": "https://npm.corp.kuaishou.com/normalize-wheel/-/normalize-wheel-1.0.1.tgz",
      "integrity": "sha1-rsiGr/2wRQcNhWRH32Ls+GFG7EU="
    },
    "register-service-worker": {
      "version": "1.7.2",
      "resolved": "https://npm.corp.kuaishou.com/register-service-worker/-/register-service-worker-1.7.2.tgz",
      "integrity": "sha1-ZRaYPh73kKmMQiWvEha8gJQaS9I="
    },
    "resize-observer-polyfill": {
      "version": "1.5.1",
      "resolved": "https://npm.corp.kuaishou.com/resize-observer-polyfill/-/resize-observer-polyfill-1.5.1.tgz",
      "integrity": "sha1-DpAg3T0hAkRY1OvSfiPkAmmBBGQ="
    },
    "source-map": {
      "version": "0.6.1",
      "resolved": "https://npm.corp.kuaishou.com/source-map/-/source-map-0.6.1.tgz",
      "integrity": "sha1-dHIq8y6WFOnCh6jQu95IteLxomM="
    },
    "to-fast-properties": {
      "version": "2.0.0",
      "resolved": "https://npm.corp.kuaishou.com/to-fast-properties/-/to-fast-properties-2.0.0.tgz",
      "integrity": "sha1-3F5pjL0HkmW8c+A3doGk5Og/YW4="
    },
    "vue": {
      "version": "3.2.9",
      "resolved": "https://npm.corp.kuaishou.com/vue/-/vue-3.2.9.tgz",
      "integrity": "sha1-+Dc8DXgTbjMa0Hnhjtct6qlb5fI=",
      "requires": {
        "@vue/compiler-dom": "3.2.9",
        "@vue/runtime-dom": "3.2.9",
        "@vue/shared": "3.2.9"
      }
    },
    "vue-class-component": {
      "version": "8.0.0-rc.1",
      "resolved": "https://npm.corp.kuaishou.com/vue-class-component/-/vue-class-component-8.0.0-rc.1.tgz",
      "integrity": "sha1-22ks2XZW65oIIGwD0Lc5jNsdlCA="
    },
    "vue-property-decorator": {
      "version": "10.0.0-rc.2",
      "resolved": "https://npm.corp.kuaishou.com/vue-property-decorator/-/vue-property-decorator-10.0.0-rc.2.tgz",
      "integrity": "sha1-iDNAPozFIBRS8Z+3O52b7KIeqPw="
    },
    "vue-router": {
      "version": "4.0.11",
      "resolved": "https://npm.corp.kuaishou.com/vue-router/-/vue-router-4.0.11.tgz",
      "integrity": "sha1-zWSaCUHGNSgXY6IJZbWZZD3caO0=",
      "requires": {
        "@vue/devtools-api": "^6.0.0-beta.14"
      }
    },
    "vuex": {
      "version": "4.0.2",
      "resolved": "https://npm.corp.kuaishou.com/vuex/-/vuex-4.0.2.tgz",
      "integrity": "sha1-+Jbb1b8qDpY/AMZ+m2EN50nMrMk=",
      "requires": {
        "@vue/devtools-api": "^6.0.0-beta.11"
      }
    },
    "vuex-class": {
      "version": "0.3.2",
      "resolved": "https://npm.corp.kuaishou.com/vuex-class/-/vuex-class-0.3.2.tgz",
      "integrity": "sha1-x+lqB2wWghN9TSOo3P3GPyIOF6g="
    }
  }
}
